// !$*UTF8*$!
{
	archiveVersion = 1;
	classes = {
	};
	objectVersion = 50;
	objects = {

/* Begin PBXBuildFile section */
		DFFB642F21A18BF900713176 /* AppDelegate.swift in Sources */ = {isa = PBXBuildFile; fileRef = DFFB642E21A18BF900713176 /* AppDelegate.swift */; };
		DFFB643121A18BF900713176 /* ViewController.swift in Sources */ = {isa = PBXBuildFile; fileRef = DFFB643021A18BF900713176 /* ViewController.swift */; };
		DFFB643421A18BF900713176 /* Main.storyboard in Resources */ = {isa = PBXBuildFile; fileRef = DFFB643221A18BF900713176 /* Main.storyboard */; };
		DFFB643621A18BFB00713176 /* Assets.xcassets in Resources */ = {isa = PBXBuildFile; fileRef = DFFB643521A18BFB00713176 /* Assets.xcassets */; };
		DFFB643921A18BFB00713176 /* LaunchScreen.storyboard in Resources */ = {isa = PBXBuildFile; fileRef = DFFB643721A18BFB00713176 /* LaunchScreen.storyboard */; };
		DFFB644421A18BFB00713176 /* memeTests.swift in Sources */ = {isa = PBXBuildFile; fileRef = DFFB644321A18BFB00713176 /* memeTests.swift */; };
/* End PBXBuildFile section */

/* Begin PBXContainerItemProxy section */
		DFFB644021A18BFB00713176 /* PBXContainerItemProxy */ = {
			isa = PBXContainerItemProxy;
			containerPortal = DFFB642321A18BF900713176 /* Project object */;
			proxyType = 1;
			remoteGlobalIDString = DFFB642A21A18BF900713176;
			remoteInfo = meme;
		};
/* End PBXContainerItemProxy section */

/* Begin PBXFileReference section */
		DFFB642B21A18BF900713176 /* meme.app */ = {isa = PBXFileReference; explicitFileType = wrapper.application; includeInIndex = 0; path = meme.app; sourceTree = BUILT_PRODUCTS_DIR; };
		DFFB642E21A18BF900713176 /* AppDelegate.swift */ = {isa = PBXFileReference; lastKnownFileType = sourcecode.swift; path = AppDelegate.swift; sourceTree = "<group>"; };
		DFFB643021A18BF900713176 /* ViewController.swift */ = {isa = PBXFileReference; lastKnownFileType = sourcecode.swift; path = ViewController.swift; sourceTree = "<group>"; };
		DFFB643321A18BF900713176 /* Base */ = {isa = PBXFileReference; lastKnownFileType = file.storyboard; name = Base; path = Base.lproj/Main.storyboard; sourceTree = "<group>"; };
		DFFB643521A18BFB00713176 /* Assets.xcassets */ = {isa = PBXFileReference; lastKnownFileType = folder.assetcatalog; path = Assets.xcassets; sourceTree = "<group>"; };
		DFFB643821A18BFB00713176 /* Base */ = {isa = PBXFileReference; lastKnownFileType = file.storyboard; name = Base; path = Base.lproj/LaunchScreen.storyboard; sourceTree = "<group>"; };
		DFFB643A21A18BFB00713176 /* Info.plist */ = {isa = PBXFileReference; lastKnownFileType = text.plist.xml; path = Info.plist; sourceTree = "<group>"; };
		DFFB643F21A18BFB00713176 /* memeTests.xctest */ = {isa = PBXFileReference; explicitFileType = wrapper.cfbundle; includeInIndex = 0; path = memeTests.xctest; sourceTree = BUILT_PRODUCTS_DIR; };
		DFFB644321A18BFB00713176 /* memeTests.swift */ = {isa = PBXFileReference; lastKnownFileType = sourcecode.swift; path = memeTests.swift; sourceTree = "<group>"; };
		DFFB644521A18BFB00713176 /* Info.plist */ = {isa = PBXFileReference; lastKnownFileType = text.plist.xml; path = Info.plist; sourceTree = "<group>"; };
/* End PBXFileReference section */

/* Begin PBXFrameworksBuildPhase section */
		DFFB642821A18BF900713176 /* Frameworks */ = {
			isa = PBXFrameworksBuildPhase;
			buildActionMask = 2147483647;
			files = (
			);
			runOnlyForDeploymentPostprocessing = 0;
		};
		DFFB643C21A18BFB00713176 /* Frameworks */ = {
			isa = PBXFrameworksBuildPhase;
			buildActionMask = 2147483647;
			files = (
			);
			runOnlyForDeploymentPostprocessing = 0;
		};
/* End PBXFrameworksBuildPhase section */

/* Begin PBXGroup section */
		DFFB642221A18BF900713176 = {
			isa = PBXGroup;
			children = (
				DFFB642D21A18BF900713176 /* meme */,
				DFFB644221A18BFB00713176 /* memeTests */,
				DFFB642C21A18BF900713176 /* Products */,
			);
			sourceTree = "<group>";
		};
		DFFB642C21A18BF900713176 /* Products */ = {
			isa = PBXGroup;
			children = (
				DFFB642B21A18BF900713176 /* meme.app */,
				DFFB643F21A18BFB00713176 /* memeTests.xctest */,
			);
			name = Products;
			sourceTree = "<group>";
		};
		DFFB642D21A18BF900713176 /* meme */ = {
			isa = PBXGroup;
			children = (
				DFFB642E21A18BF900713176 /* AppDelegate.swift */,
				DFFB643021A18BF900713176 /* ViewController.swift */,
				DFFB643221A18BF900713176 /* Main.storyboard */,
				DFFB643521A18BFB00713176 /* Assets.xcassets */,
				DFFB643721A18BFB00713176 /* LaunchScreen.storyboard */,
				DFFB643A21A18BFB00713176 /* Info.plist */,
			);
			path = meme;
			sourceTree = "<group>";
		};
		DFFB644221A18BFB00713176 /* memeTests */ = {
			isa = PBXGroup;
			children = (
				DFFB644321A18BFB00713176 /* memeTests.swift */,
				DFFB644521A18BFB00713176 /* Info.plist */,
			);
			path = memeTests;
			sourceTree = "<group>";
		};
/* End PBXGroup section */

/* Begin PBXNativeTarget section */
		DFFB642A21A18BF900713176 /* meme */ = {
			isa = PBXNativeTarget;
			buildConfigurationList = DFFB644821A18BFB00713176 /* Build configuration list for PBXNativeTarget "meme" */;
			buildPhases = (
				DFFB642721A18BF900713176 /* Sources */,
				DFFB642821A18BF900713176 /* Frameworks */,
				DFFB642921A18BF900713176 /* Resources */,
			);
			buildRules = (
			);
			dependencies = (
			);
			name = meme;
			productName = meme;
			productReference = DFFB642B21A18BF900713176 /* meme.app */;
			productType = "com.apple.product-type.application";
		};
		DFFB643E21A18BFB00713176 /* memeTests */ = {
			isa = PBXNativeTarget;
			buildConfigurationList = DFFB644B21A18BFB00713176 /* Build configuration list for PBXNativeTarget "memeTests" */;
			buildPhases = (
				DFFB643B21A18BFB00713176 /* Sources */,
				DFFB643C21A18BFB00713176 /* Frameworks */,
				DFFB643D21A18BFB00713176 /* Resources */,
			);
			buildRules = (
			);
			dependencies = (
				DFFB644121A18BFB00713176 /* PBXTargetDependency */,
			);
			name = memeTests;
			productName = memeTests;
			productReference = DFFB643F21A18BFB00713176 /* memeTests.xctest */;
			productType = "com.apple.product-type.bundle.unit-test";
		};
/* End PBXNativeTarget section */

/* Begin PBXProject section */
		DFFB642321A18BF900713176 /* Project object */ = {
			isa = PBXProject;
			attributes = {
				LastSwiftUpdateCheck = 1010;
				LastUpgradeCheck = 1010;
				ORGANIZATIONNAME = Mohtaref;
				TargetAttributes = {
					DFFB642A21A18BF900713176 = {
						CreatedOnToolsVersion = 10.1;
					};
					DFFB643E21A18BFB00713176 = {
						CreatedOnToolsVersion = 10.1;
						TestTargetID = DFFB642A21A18BF900713176;
					};
				};
			};
			buildConfigurationList = DFFB642621A18BF900713176 /* Build configuration list for PBXProject "meme" */;
			compatibilityVersion = "Xcode 9.3";
			developmentRegion = en;
			hasScannedForEncodings = 0;
			knownRegions = (
				en,
				Base,
			);
			mainGroup = DFFB642221A18BF900713176;
			productRefGroup = DFFB642C21A18BF900713176 /* Products */;
			projectDirPath = "";
			projectRoot = "";
			targets = (
				DFFB642A21A18BF900713176 /* meme */,
				DFFB643E21A18BFB00713176 /* memeTests */,
			);
		};
/* End PBXProject section */

/* Begin PBXResourcesBuildPhase section */
		DFFB642921A18BF900713176 /* Resources */ = {
			isa = PBXResourcesBuildPhase;
			buildActionMask = 2147483647;
			files = (
				DFFB643921A18BFB00713176 /* LaunchScreen.storyboard in Resources */,
				DFFB643621A18BFB00713176 /* Assets.xcassets in Resources */,
				DFFB643421A18BF900713176 /* Main.storyboard in Resources */,
			);
			runOnlyForDeploymentPostprocessing = 0;
		};
		DFFB643D21A18BFB00713176 /* Resources */ = {
			isa = PBXResourcesBuildPhase;
			buildActionMask = 2147483647;
			files = (
			);
			runOnlyForDeploymentPostprocessing = 0;
		};
/* End PBXResourcesBuildPhase section */

/* Begin PBXSourcesBuildPhase section */
		DFFB642721A18BF900713176 /* Sources */ = {
			isa = PBXSourcesBuildPhase;
			buildActionMask = 2147483647;
			files = (
				DFFB643121A18BF900713176 /* ViewController.swift in Sources */,
				DFFB642F21A18BF900713176 /* AppDelegate.swift in Sources */,
			);
			runOnlyForDeploymentPostprocessing = 0;
		};
		DFFB643B21A18BFB00713176 /* Sources */ = {
			isa = PBXSourcesBuildPhase;
			buildActionMask = 2147483647;
			files = (
				DFFB644421A18BFB00713176 /* memeTests.swift in Sources */,
			);
			runOnlyForDeploymentPostprocessing = 0;
		};
/* End PBXSourcesBuildPhase section */

/* Begin PBXTargetDependency section */
		DFFB644121A18BFB00713176 /* PBXTargetDependency */ = {
			isa = PBXTargetDependency;
			target = DFFB642A21A18BF900713176 /* meme */;
			targetProxy = DFFB644021A18BFB00713176 /* PBXContainerItemProxy */;
		};
/* End PBXTargetDependency section */

/* Begin PBXVariantGroup section */
		DFFB643221A18BF900713176 /* Main.storyboard */ = {
			isa = PBXVariantGroup;
			children = (
				DFFB643321A18BF900713176 /* Base */,
			);
			name = Main.storyboard;
			sourceTree = "<group>";
		};
		DFFB643721A18BFB00713176 /* LaunchScreen.storyboard */ = {
			isa = PBXVariantGroup;
			children = (
				DFFB643821A18BFB00713176 /* Base */,
			);
			name = LaunchScreen.storyboard;
			sourceTree = "<group>";
		};
/* End PBXVariantGroup section */

/* Begin XCBuildConfiguration section */
		DFFB644621A18BFB00713176 /* Debug */ = {
			isa = XCBuildConfiguration;
			buildSettings = {
				ALWAYS_SEARCH_USER_PATHS = NO;
				CLANG_ANALYZER_NONNULL = YES;
				CLANG_ANALYZER_NUMBER_OBJECT_CONVERSION = YES_AGGRESSIVE;
				CLANG_CXX_LANGUAGE_STANDARD = "gnu++14";
				CLANG_CXX_LIBRARY = "libc++";
				CLANG_ENABLE_MODULES = YES;
				CLANG_ENABLE_OBJC_ARC = YES;
				CLANG_ENABLE_OBJC_WEAK = YES;
				CLANG_WARN_BLOCK_CAPTURE_AUTORELEASING = YES;
				CLANG_WARN_BOOL_CONVERSION = YES;
				CLANG_WARN_COMMA = YES;
				CLANG_WARN_CONSTANT_CONVERSION = YES;
				CLANG_WARN_DEPRECATED_OBJC_IMPLEMENTATIONS = YES;
				CLANG_WARN_DIRECT_OBJC_ISA_USAGE = YES_ERROR;
				CLANG_WARN_DOCUMENTATION_COMMENTS = YES;
				CLANG_WARN_EMPTY_BODY = YES;
				CLANG_WARN_ENUM_CONVERSION = YES;
				CLANG_WARN_INFINITE_RECURSION = YES;
				CLANG_WARN_INT_CONVERSION = YES;
				CLANG_WARN_NON_LITERAL_NULL_CONVERSION = YES;
				CLANG_WARN_OBJC_IMPLICIT_RETAIN_SELF = YES;
				CLANG_WARN_OBJC_LITERAL_CONVERSION = YES;
				CLANG_WARN_OBJC_ROOT_CLASS = YES_ERROR;
				CLANG_WARN_RANGE_LOOP_ANALYSIS = YES;
				CLANG_WARN_STRICT_PROTOTYPES = YES;
				CLANG_WARN_SUSPICIOUS_MOVE = YES;
				CLANG_WARN_UNGUARDED_AVAILABILITY = YES_AGGRESSIVE;
				CLANG_WARN_UNREACHABLE_CODE = YES;
				CLANG_WARN__DUPLICATE_METHOD_MATCH = YES;
				CODE_SIGN_IDENTITY = "iPhone Developer";
				COPY_PHASE_STRIP = NO;
				DEBUG_INFORMATION_FORMAT = dwarf;
				ENABLE_STRICT_OBJC_MSGSEND = YES;
				ENABLE_TESTABILITY = YES;
				GCC_C_LANGUAGE_STANDARD = gnu11;
				GCC_DYNAMIC_NO_PIC = NO;
				GCC_NO_COMMON_BLOCKS = YES;
				GCC_OPTIMIZATION_LEVEL = 0;
				GCC_PREPROCESSOR_DEFINITIONS = (
					"DEBUG=1",
					"$(inherited)",
				);
				GCC_WARN_64_TO_32_BIT_CONVERSION = YES;
				GCC_WARN_ABOUT_RETURN_TYPE = YES_ERROR;
				GCC_WARN_UNDECLARED_SELECTOR = YES;
				GCC_WARN_UNINITIALIZED_AUTOS = YES_AGGRESSIVE;
				GCC_WARN_UNUSED_FUNCTION = YES;
				GCC_WARN_UNUSED_VARIABLE = YES;
				IPHONEOS_DEPLOYMENT_TARGET = 12.1;
				MTL_ENABLE_DEBUG_INFO = INCLUDE_SOURCE;
				MTL_FAST_MATH = YES;
				ONLY_ACTIVE_ARCH = YES;
				SDKROOT = iphoneos;
				SWIFT_ACTIVE_COMPILATION_CONDITIONS = DEBUG;
				SWIFT_OPTIMIZATION_LEVEL = "-Onone";
			};
			name = Debug;
		};
		DFFB644721A18BFB00713176 /* Release */ = {
			isa = XCBuildConfiguration;
			buildSettings = {
				ALWAYS_SEARCH_USER_PATHS = NO;
				CLANG_ANALYZER_NONNULL = YES;
				CLANG_ANALYZER_NUMBER_OBJECT_CONVERSION = YES_AGGRESSIVE;
				CLANG_CXX_LANGUAGE_STANDARD = "gnu++14";
				CLANG_CXX_LIBRARY = "libc++";
				CLANG_ENABLE_MODULES = YES;
				CLANG_ENABLE_OBJC_ARC = YES;
				CLANG_ENABLE_OBJC_WEAK = YES;
				CLANG_WARN_BLOCK_CAPTURE_AUTORELEASING = YES;
				CLANG_WARN_BOOL_CONVERSION = YES;
				CLANG_WARN_COMMA = YES;
				CLANG_WARN_CONSTANT_CONVERSION = YES;
				CLANG_WARN_DEPRECATED_OBJC_IMPLEMENTATIONS = YES;
				CLANG_WARN_DIRECT_OBJC_ISA_USAGE = YES_ERROR;
				CLANG_WARN_DOCUMENTATION_COMMENTS = YES;
				CLANG_WARN_EMPTY_BODY = YES;
				CLANG_WARN_ENUM_CONVERSION = YES;
				CLANG_WARN_INFINITE_RECURSION = YES;
				CLANG_WARN_INT_CONVERSION = YES;
				CLANG_WARN_NON_LITERAL_NULL_CONVERSION = YES;
				CLANG_WARN_OBJC_IMPLICIT_RETAIN_SELF = YES;
				CLANG_WARN_OBJC_LITERAL_CONVERSION = YES;
				CLANG_WARN_OBJC_ROOT_CLASS = YES_ERROR;
				CLANG_WARN_RANGE_LOOP_ANALYSIS = YES;
				CLANG_WARN_STRICT_PROTOTYPES = YES;
				CLANG_WARN_SUSPICIOUS_MOVE = YES;
				CLANG_WARN_UNGUARDED_AVAILABILITY = YES_AGGRESSIVE;
				CLANG_WARN_UNREACHABLE_CODE = YES;
				CLANG_WARN__DUPLICATE_METHOD_MATCH = YES;
				CODE_SIGN_IDENTITY = "iPhone Developer";
				COPY_PHASE_STRIP = NO;
				DEBUG_INFORMATION_FORMAT = "dwarf-with-dsym";
				ENABLE_NS_ASSERTIONS = NO;
				ENABLE_STRICT_OBJC_MSGSEND = YES;
				GCC_C_LANGUAGE_STANDARD = gnu11;
				GCC_NO_COMMON_BLOCKS = YES;
				GCC_WARN_64_TO_32_BIT_CONVERSION = YES;
				GCC_WARN_ABOUT_RETURN_TYPE = YES_ERROR;
				GCC_WARN_UNDECLARED_SELECTOR = YES;
				GCC_WARN_UNINITIALIZED_AUTOS = YES_AGGRESSIVE;
				GCC_WARN_UNUSED_FUNCTION = YES;
				GCC_WARN_UNUSED_VARIABLE = YES;
				IPHONEOS_DEPLOYMENT_TARGET = 12.1;
				MTL_ENABLE_DEBUG_INFO = NO;
				MTL_FAST_MATH = YES;
				SDKROOT = iphoneos;
				SWIFT_COMPILATION_MODE = wholemodule;
				SWIFT_OPTIMIZATION_LEVEL = "-O";
				VALIDATE_PRODUCT = YES;
			};
			name = Release;
		};
		DFFB644921A18BFB00713176 /* Debug */ = {
			isa = XCBuildConfiguration;
			buildSettings = {
				ASSETCATALOG_COMPILER_APPICON_NAME = AppIcon;
				CODE_SIGN_STYLE = Automatic;
				DEVELOPMENT_TEAM = A5D8D9B9NC;
				INFOPLIST_FILE = meme/Info.plist;
				IPHONEOS_DEPLOYMENT_TARGET = 12.0;
				LD_RUNPATH_SEARCH_PATHS = (
					"$(inherited)",
					"@executable_path/Frameworks",
				);
				PRODUCT_BUNDLE_IDENTIFIER = com.Mohtaref.meme;
				PRODUCT_NAME = "$(TARGET_NAME)";
				SWIFT_VERSION = 4.2;
				TARGETED_DEVICE_FAMILY = "1,2";
			};
			name = Debug;
		};
		DFFB644A21A18BFB00713176 /* Release */ = {
			isa = XCBuildConfiguration;
			buildSettings = {
				ASSETCATALOG_COMPILER_APPICON_NAME = AppIcon;
				CODE_SIGN_STYLE = Automatic;
				DEVELOPMENT_TEAM = A5D8D9B9NC;
				INFOPLIST_FILE = meme/Info.plist;
				IPHONEOS_DEPLOYMENT_TARGET = 12.0;
				LD_RUNPATH_SEARCH_PATHS = (
					"$(inherited)",
					"@executable_path/Frameworks",
				);
				PRODUCT_BUNDLE_IDENTIFIER = com.Mohtaref.meme;
				PRODUCT_NAME = "$(TARGET_NAME)";
				SWIFT_VERSION = 4.2;
				TARGETED_DEVICE_FAMILY = "1,2";
			};
			name = Release;
		};
		DFFB644C21A18BFB00713176 /* Debug */ = {
			isa = XCBuildConfiguration;
			buildSettings = {
				ALWAYS_EMBED_SWIFT_STANDARD_LIBRARIES = YES;
				BUNDLE_LOADER = "$(TEST_HOST)";
				CODE_SIGN_STYLE = Automatic;
				DEVELOPMENT_TEAM = A5D8D9B9NC;
				INFOPLIST_FILE = memeTests/Info.plist;
				LD_RUNPATH_SEARCH_PATHS = (
					"$(inherited)",
					"@executable_path/Frameworks",
					"@loader_path/Frameworks",
				);
				PRODUCT_BUNDLE_IDENTIFIER = com.Mohtaref.memeTests;
				PRODUCT_NAME = "$(TARGET_NAME)";
				SWIFT_VERSION = 4.2;
				TARGETED_DEVICE_FAMILY = "1,2";
				TEST_HOST = "$(BUILT_PRODUCTS_DIR)/meme.app/meme";
			};
			name = Debug;
		};
		DFFB644D21A18BFB00713176 /* Release */ = {
			isa = XCBuildConfiguration;
			buildSettings = {
				ALWAYS_EMBED_SWIFT_STANDARD_LIBRARIES = YES;
				BUNDLE_LOADER = "$(TEST_HOST)";
				CODE_SIGN_STYLE = Automatic;
				DEVELOPMENT_TEAM = A5D8D9B9NC;
				INFOPLIST_FILE = memeTests/Info.plist;
				LD_RUNPATH_SEARCH_PATHS = (
					"$(inherited)",
					"@executable_path/Frameworks",
					"@loader_path/Frameworks",
				);
				PRODUCT_BUNDLE_IDENTIFIER = com.Mohtaref.memeTests;
				PRODUCT_NAME = "$(TARGET_NAME)";
				SWIFT_VERSION = 4.2;
				TARGETED_DEVICE_FAMILY = "1,2";
				TEST_HOST = "$(BUILT_PRODUCTS_DIR)/meme.app/meme";
			};
			name = Release;
		};
/* End XCBuildConfiguration section */

/* Begin XCConfigurationList section */
		DFFB642621A18BF900713176 /* Build configuration list for PBXProject "meme" */ = {
			isa = XCConfigurationList;
			buildConfigurations = (
				DFFB644621A18BFB00713176 /* Debug */,
				DFFB644721A18BFB00713176 /* Release */,
			);
			defaultConfigurationIsVisible = 0;
			defaultConfigurationName = Release;
		};
		DFFB644821A18BFB00713176 /* Build configuration list for PBXNativeTarget "meme" */ = {
			isa = XCConfigurationList;
			buildConfigurations = (
				DFFB644921A18BFB00713176 /* Debug */,
				DFFB644A21A18BFB00713176 /* Release */,
			);
			defaultConfigurationIsVisible = 0;
			defaultConfigurationName = Release;
		};
		DFFB644B21A18BFB00713176 /* Build configuration list for PBXNativeTarget "memeTests" */ = {
			isa = XCConfigurationList;
			buildConfigurations = (
				DFFB644C21A18BFB00713176 /* Debug */,
				DFFB644D21A18BFB00713176 /* Release */,
			);
			defaultConfigurationIsVisible = 0;
			defaultConfigurationName = Release;
		};
/* End XCConfigurationList section */
	};
	rootObject = DFFB642321A18BF900713176 /* Project object */;
}
